
Microsoft Visual Studio Solution File, Format Version 12.00
# Visual Studio Version 17
VisualStudioVersion = 17.0.31903.59
MinimumVisualStudioVersion = 10.0.40219.1
Project("{FAE04EC0-301F-11D3-BF4B-00C04F79EFBC}") = "BurgArWeb", "BurgArWeb\BurgArWeb.csproj", "{4F83D1DC-8483-4EA0-BA52-A9EBB78FB09A}"
EndProject
Global
	GlobalSection(SolutionConfigurationPlatforms) = preSolution
		Debug|Any CPU = Debug|Any CPU
		Release|Any CPU = Release|Any CPU
	EndGlobalSection
	GlobalSection(SolutionProperties) = preSolution
		HideSolutionNode = FALSE
	EndGlobalSection
	GlobalSection(ProjectConfigurationPlatforms) = postSolution
		{4F83D1DC-8483-4EA0-BA52-A9EBB78FB09A}.Debug|Any CPU.ActiveCfg = Debug|Any CPU
		{4F83D1DC-8483-4EA0-BA52-A9EBB78FB09A}.Debug|Any CPU.Build.0 = Debug|Any CPU
		{4F83D1DC-8483-4EA0-BA52-A9EBB78FB09A}.Release|Any CPU.ActiveCfg = Release|Any CPU
		{4F83D1DC-8483-4EA0-BA52-A9EBB78FB09A}.Release|Any CPU.Build.0 = Release|Any CPU
	EndGlobalSection
EndGlobal
